
Microsoft Visual Studio Solution File, Format Version 12.00
# Visual Studio 2012
Project("{FAE04EC0-301F-11D3-BF4B-00C04F79EFBC}") = "LiveDc", "LiveDc\LiveDc.csproj", "{888E0125-1BA1-4305-B001-9E828D5C29C9}"
EndProject
Project("{FAE04EC0-301F-11D3-BF4B-00C04F79EFBC}") = "DokanNet", "..\dokan-net-0.6.0\DokanNet\DokanNet.csproj", "{A09B408A-26A0-4FF8-83D5-6E1B1DA5F63C}"
EndProject
Project("{FAE04EC0-301F-11D3-BF4B-00C04F79EFBC}") = "SharpDc", "..\sharpdc\SharpDc\SharpDc.csproj", "{660E074C-9BAC-4681-856E-1668862252CA}"
EndProject
Global
	GlobalSection(SolutionConfigurationPlatforms) = preSolution
		Debug|Any CPU = Debug|Any CPU
		Debug|Mixed Platforms = Debug|Mixed Platforms
		Debug|x86 = Debug|x86
		Release|Any CPU = Release|Any CPU
		Release|Mixed Platforms = Release|Mixed Platforms
		Release|x86 = Release|x86
		Setup|Any CPU = Setup|Any CPU
		Setup|Mixed Platforms = Setup|Mixed Platforms
		Setup|x86 = Setup|x86
	EndGlobalSection
	GlobalSection(ProjectConfigurationPlatforms) = postSolution
		{888E0125-1BA1-4305-B001-9E828D5C29C9}.Debug|Any CPU.ActiveCfg = Debug|x86
		{888E0125-1BA1-4305-B001-9E828D5C29C9}.Debug|Mixed Platforms.ActiveCfg = Debug|x86
		{888E0125-1BA1-4305-B001-9E828D5C29C9}.Debug|Mixed Platforms.Build.0 = Debug|x86
		{888E0125-1BA1-4305-B001-9E828D5C29C9}.Debug|x86.ActiveCfg = Debug|x86
		{888E0125-1BA1-4305-B001-9E828D5C29C9}.Debug|x86.Build.0 = Debug|x86
		{888E0125-1BA1-4305-B001-9E828D5C29C9}.Release|Any CPU.ActiveCfg = Release|x86
		{888E0125-1BA1-4305-B001-9E828D5C29C9}.Release|Mixed Platforms.ActiveCfg = Release|x86
		{888E0125-1BA1-4305-B001-9E828D5C29C9}.Release|Mixed Platforms.Build.0 = Release|x86
		{888E0125-1BA1-4305-B001-9E828D5C29C9}.Release|x86.ActiveCfg = Release|x86
		{888E0125-1BA1-4305-B001-9E828D5C29C9}.Release|x86.Build.0 = Release|x86
		{888E0125-1BA1-4305-B001-9E828D5C29C9}.Setup|Any CPU.ActiveCfg = Setup|x86
		{888E0125-1BA1-4305-B001-9E828D5C29C9}.Setup|Mixed Platforms.ActiveCfg = Setup|x86
		{888E0125-1BA1-4305-B001-9E828D5C29C9}.Setup|Mixed Platforms.Build.0 = Setup|x86
		{888E0125-1BA1-4305-B001-9E828D5C29C9}.Setup|x86.ActiveCfg = Setup|x86
		{888E0125-1BA1-4305-B001-9E828D5C29C9}.Setup|x86.Build.0 = Setup|x86
		{A09B408A-26A0-4FF8-83D5-6E1B1DA5F63C}.Debug|Any CPU.ActiveCfg = Debug|Any CPU
		{A09B408A-26A0-4FF8-83D5-6E1B1DA5F63C}.Debug|Any CPU.Build.0 = Debug|Any CPU
		{A09B408A-26A0-4FF8-83D5-6E1B1DA5F63C}.Debug|Mixed Platforms.ActiveCfg = Debug|x86
		{A09B408A-26A0-4FF8-83D5-6E1B1DA5F63C}.Debug|Mixed Platforms.Build.0 = Debug|x86
		{A09B408A-26A0-4FF8-83D5-6E1B1DA5F63C}.Debug|x86.ActiveCfg = Debug|x86
		{A09B408A-26A0-4FF8-83D5-6E1B1DA5F63C}.Debug|x86.Build.0 = Debug|x86
		{A09B408A-26A0-4FF8-83D5-6E1B1DA5F63C}.Release|Any CPU.ActiveCfg = Release|Any CPU
		{A09B408A-26A0-4FF8-83D5-6E1B1DA5F63C}.Release|Any CPU.Build.0 = Release|Any CPU
		{A09B408A-26A0-4FF8-83D5-6E1B1DA5F63C}.Release|Mixed Platforms.ActiveCfg = Release|x86
		{A09B408A-26A0-4FF8-83D5-6E1B1DA5F63C}.Release|Mixed Platforms.Build.0 = Release|x86
		{A09B408A-26A0-4FF8-83D5-6E1B1DA5F63C}.Release|x86.ActiveCfg = Release|x86
		{A09B408A-26A0-4FF8-83D5-6E1B1DA5F63C}.Release|x86.Build.0 = Release|x86
		{A09B408A-26A0-4FF8-83D5-6E1B1DA5F63C}.Setup|Any CPU.ActiveCfg = Setup|Any CPU
		{A09B408A-26A0-4FF8-83D5-6E1B1DA5F63C}.Setup|Any CPU.Build.0 = Setup|Any CPU
		{A09B408A-26A0-4FF8-83D5-6E1B1DA5F63C}.Setup|Mixed Platforms.ActiveCfg = Release|x86
		{A09B408A-26A0-4FF8-83D5-6E1B1DA5F63C}.Setup|Mixed Platforms.Build.0 = Release|x86
		{A09B408A-26A0-4FF8-83D5-6E1B1DA5F63C}.Setup|x86.ActiveCfg = Setup|x86
		{A09B408A-26A0-4FF8-83D5-6E1B1DA5F63C}.Setup|x86.Build.0 = Setup|x86
		{660E074C-9BAC-4681-856E-1668862252CA}.Debug|Any CPU.ActiveCfg = Debug|Any CPU
		{660E074C-9BAC-4681-856E-1668862252CA}.Debug|Any CPU.Build.0 = Debug|Any CPU
		{660E074C-9BAC-4681-856E-1668862252CA}.Debug|Mixed Platforms.ActiveCfg = Debug|Any CPU
		{660E074C-9BAC-4681-856E-1668862252CA}.Debug|Mixed Platforms.Build.0 = Debug|Any CPU
		{660E074C-9BAC-4681-856E-1668862252CA}.Debug|x86.ActiveCfg = Debug|Any CPU
		{660E074C-9BAC-4681-856E-1668862252CA}.Release|Any CPU.ActiveCfg = Release|Any CPU
		{660E074C-9BAC-4681-856E-1668862252CA}.Release|Any CPU.Build.0 = Release|Any CPU
		{660E074C-9BAC-4681-856E-1668862252CA}.Release|Mixed Platforms.ActiveCfg = Release|Any CPU
		{660E074C-9BAC-4681-856E-1668862252CA}.Release|Mixed Platforms.Build.0 = Release|Any CPU
		{660E074C-9BAC-4681-856E-1668862252CA}.Release|x86.ActiveCfg = Release|Any CPU
		{660E074C-9BAC-4681-856E-1668862252CA}.Setup|Any CPU.ActiveCfg = Setup|Any CPU
		{660E074C-9BAC-4681-856E-1668862252CA}.Setup|Any CPU.Build.0 = Setup|Any CPU
		{660E074C-9BAC-4681-856E-1668862252CA}.Setup|Mixed Platforms.ActiveCfg = Release|Any CPU
		{660E074C-9BAC-4681-856E-1668862252CA}.Setup|Mixed Platforms.Build.0 = Release|Any CPU
		{660E074C-9BAC-4681-856E-1668862252CA}.Setup|x86.ActiveCfg = Setup|Any CPU
	EndGlobalSection
	GlobalSection(SolutionProperties) = preSolution
		HideSolutionNode = FALSE
	EndGlobalSection
EndGlobal
